
Microsoft Visual Studio Solution File, Format Version 12.00
# Visual Studio Version 17
VisualStudioVersion = 17.4.33205.214
MinimumVisualStudioVersion = 10.0.40219.1
Project("{FAE04EC0-301F-11D3-BF4B-00C04F79EFBC}") = "TCP_FW_Client", "TCP_FW_Client.csproj", "{B9A8460F-574C-4ED7-92E8-A81D4BEDC150}"
EndProject
Project("{FAE04EC0-301F-11D3-BF4B-00C04F79EFBC}") = "TcpServer_FW", "..\TcpServer_FW\TcpServer_FW.csproj", "{66CCC5F2-E0FC-4017-8F3A-57828A6DE2C4}"
EndProject
Global
	GlobalSection(SolutionConfigurationPlatforms) = preSolution
		Debug|Any CPU = Debug|Any CPU
		Release|Any CPU = Release|Any CPU
	EndGlobalSection
	GlobalSection(ProjectConfigurationPlatforms) = postSolution
		{B9A8460F-574C-4ED7-92E8-A81D4BEDC150}.Debug|Any CPU.ActiveCfg = Debug|Any CPU
		{B9A8460F-574C-4ED7-92E8-A81D4BEDC150}.Debug|Any CPU.Build.0 = Debug|Any CPU
		{B9A8460F-574C-4ED7-92E8-A81D4BEDC150}.Release|Any CPU.ActiveCfg = Release|Any CPU
		{B9A8460F-574C-4ED7-92E8-A81D4BEDC150}.Release|Any CPU.Build.0 = Release|Any CPU
		{66CCC5F2-E0FC-4017-8F3A-57828A6DE2C4}.Debug|Any CPU.ActiveCfg = Debug|Any CPU
		{66CCC5F2-E0FC-4017-8F3A-57828A6DE2C4}.Debug|Any CPU.Build.0 = Debug|Any CPU
		{66CCC5F2-E0FC-4017-8F3A-57828A6DE2C4}.Release|Any CPU.ActiveCfg = Release|Any CPU
		{66CCC5F2-E0FC-4017-8F3A-57828A6DE2C4}.Release|Any CPU.Build.0 = Release|Any CPU
	EndGlobalSection
	GlobalSection(SolutionProperties) = preSolution
		HideSolutionNode = FALSE
	EndGlobalSection
	GlobalSection(ExtensibilityGlobals) = postSolution
		SolutionGuid = {64A13728-902B-44A6-ADD2-434783DE88FA}
	EndGlobalSection
EndGlobal
